{
  "lockfileVersion": 2,
  "configVersion": 1,
  "workspaces": {
    "": {
      "name": "rescript-sql",
      "devDependencies": {
        "rescript": "13.0.0-alpha.5",
      },
    },
  },
  "packages": {
    "@rescript/darwin-arm64": ["@rescript/darwin-arm64@13.0.0-alpha.5", "", { "os": "darwin", "cpu": "arm64" }, "sha512-OCpT4VYLkxTjm56y+CG4SfrqotMLCaqKY5pxGq75hOPRZLZ5n5BG3OvA1rBsmz5+gT7VpKm1Do9YhmO0JvYZfg=="],

    "@rescript/darwin-x64": ["@rescript/darwin-x64@13.0.0-alpha.5", "", { "os": "darwin", "cpu": "x64" }, "sha512-UT143XnOVmUUayrD/1ceKrXb8rbhNmXKhhfnTnRGRLWp1Hxyiq5uq3OGNorSIW6jHsszsP0VvjKA+Z31h04E6Q=="],

    "@rescript/linux-arm64": ["@rescript/linux-arm64@13.0.0-alpha.5", "", { "os": "linux", "cpu": "arm64" }, "sha512-lQ3trljExrH1uqS3hsjjoi6fnaImG/tYppcF2X4Yk8u0AP1t6AC6LUM0KR2kjctG5b7OVUrujOu91NnjovN46A=="],

    "@rescript/linux-x64": ["@rescript/linux-x64@13.0.0-alpha.5", "", { "os": "linux", "cpu": "x64" }, "sha512-Cu73xGa2nMcSgW274tAJDexlBqJGFKpv/v9wHAxqFxXzIwSkET51N9xkf42GljejeVzwyDEfgQId2Znme/PWkg=="],

    "@rescript/runtime": ["@rescript/runtime@13.0.0-alpha.5", "", {}, "sha512-k0iQhrDasCD5K5orSrps21ZVgvMgOIwh03QjUAxtMkVwyPclg6LbgG5eAAgduyecXXm3ii30o3nDaXvCryu/Tw=="],

    "@rescript/win32-x64": ["@rescript/win32-x64@13.0.0-alpha.5", "", { "os": "win32", "cpu": "x64" }, "sha512-7uUkUY0pXDdPB5znHQYWsGml3E2pQ68KSaM7HZoFfnOEIuPqGz/hssgLgsXHkfHxrHB0waX9fsqx2Qckn6IGsw=="],

    "rescript": ["rescript@13.0.0-alpha.5", "", { "dependencies": { "@rescript/runtime": "13.0.0-alpha.5" }, "optionalDependencies": { "@rescript/darwin-arm64": "13.0.0-alpha.5", "@rescript/darwin-x64": "13.0.0-alpha.5", "@rescript/linux-arm64": "13.0.0-alpha.5", "@rescript/linux-x64": "13.0.0-alpha.5", "@rescript/win32-x64": "13.0.0-alpha.5" }, "bin": { "bsc": "cli/bsc.js", "rescript": "cli/rescript.js", "rescript-tools": "cli/rescript-tools.js" } }, "sha512-rv/xA1OQLN5l90/szD82IR8p/bNzwKNPLnEVaR89oiuBZYG7IhHfRxEKAvpOHqlrpnV8zKmc16IXcjCQxlni/w=="],
  }
}
