lockfileVersion: '6.0'

dependencies:
  '@rescript/core':
    specifier: ^0.3.1
    version: 0.3.1(rescript@11.0.0-beta.1)

devDependencies:
  rescript:
    specifier: 11.0.0-beta.1
    version: 11.0.0-beta.1

packages:

  /@rescript/core@0.3.1(rescript@11.0.0-beta.1):
    resolution: {integrity: sha512-H6KgYKCpaWQEyhl/r3HuTxY0y1pvQziMXbZnwHVsykNkJvxpROMOrAX2CkIJ5lIar3zDH33cPpwTsIxANTFcvQ==}
    peerDependencies:
      rescript: ^10.1.0 || ^11.0.0-alpha.0 || next
    dependencies:
      rescript: 11.0.0-beta.1
    dev: false

  /rescript@11.0.0-beta.1:
    resolution: {integrity: sha512-oKgMJAj/hLQFdWcp3hDcRsTJ/HaVdX5Ze41Egj9XUCBzKP89026e/I3eV4N3+OvLPskvvFwiTEVeR3yiDGVTYA==}
    engines: {node: '>=10'}
    hasBin: true
    requiresBuild: true
